
Microsoft Visual Studio Solution File, Format Version 12.00
# Visual Studio Version 16
VisualStudioVersion = 16.0.31729.503
MinimumVisualStudioVersion = 10.0.40219.1
Project("{8BC9CEB8-8B4A-11D0-8D11-00A0C91BC942}") = "BinarySearchTree", "BinarySearchTree.vcxproj", "{BBDD37F4-E554-41A1-AA2E-8CEB0E4340F8}"
EndProject
Global
	GlobalSection(SolutionConfigurationPlatforms) = preSolution
		Debug|x64 = Debug|x64
		Debug|x86 = Debug|x86
		Release|x64 = Release|x64
		Release|x86 = Release|x86
	EndGlobalSection
	GlobalSection(ProjectConfigurationPlatforms) = postSolution
		{BBDD37F4-E554-41A1-AA2E-8CEB0E4340F8}.Debug|x64.ActiveCfg = Debug|x64
		{BBDD37F4-E554-41A1-AA2E-8CEB0E4340F8}.Debug|x64.Build.0 = Debug|x64
		{BBDD37F4-E554-41A1-AA2E-8CEB0E4340F8}.Debug|x86.ActiveCfg = Debug|Win32
		{BBDD37F4-E554-41A1-AA2E-8CEB0E4340F8}.Debug|x86.Build.0 = Debug|Win32
		{BBDD37F4-E554-41A1-AA2E-8CEB0E4340F8}.Release|x64.ActiveCfg = Release|x64
		{BBDD37F4-E554-41A1-AA2E-8CEB0E4340F8}.Release|x64.Build.0 = Release|x64
		{BBDD37F4-E554-41A1-AA2E-8CEB0E4340F8}.Release|x86.ActiveCfg = Release|Win32
		{BBDD37F4-E554-41A1-AA2E-8CEB0E4340F8}.Release|x86.Build.0 = Release|Win32
	EndGlobalSection
	GlobalSection(SolutionProperties) = preSolution
		HideSolutionNode = FALSE
	EndGlobalSection
	GlobalSection(ExtensibilityGlobals) = postSolution
		SolutionGuid = {E106B100-3244-4535-A79F-44F0C1225F3D}
	EndGlobalSection
EndGlobal
